{
    "_readme": [
        "This file locks the dependencies of your project to a known state",
        "Read more about it at https://getcomposer.org/doc/01-basic-usage.md#installing-dependencies",
        "This file is @generated automatically"
    ],
    "content-hash": "b43517a17aae107bd1c357ee54ff03a4",
    "packages": [
        {
            "name": "fzaninotto/faker",
            "version": "v1.9.1",
            "source": {
                "type": "git",
                "url": "https://github.com/fzaninotto/Faker.git",
                "reference": "fc10d778e4b84d5bd315dad194661e091d307c6f"
            },
            "dist": {
                "type": "zip",
                "url": "https://api.github.com/repos/fzaninotto/Faker/zipball/fc10d778e4b84d5bd315dad194661e091d307c6f",
                "reference": "fc10d778e4b84d5bd315dad194661e091d307c6f",
                "shasum": ""
            },
            "require": {
                "php": "^5.3.3 || ^7.0"
            },
            "require-dev": {
                "ext-intl": "*",
                "phpunit/phpunit": "^4.8.35 || ^5.7",
                "squizlabs/php_codesniffer": "^2.9.2"
            },
            "type": "library",
            "extra": {
                "branch-alias": {
                    "dev-master": "1.9-dev"
                }
            },
            "autoload": {
                "psr-4": {
                    "Faker\\": "src/Faker/"
                }
            },
            "notification-url": "https://packagist.org/downloads/",
            "license": [
                "MIT"
            ],
            "authors": [
                {
                    "name": "François Zaninotto"
                }
            ],
            "description": "Faker is a PHP library that generates fake data for you.",
            "keywords": [
                "data",
                "faker",
                "fixtures"
            ],
            "time": "2019-12-12T13:22:17+00:00"
        },
        {
            "name": "rybakit/msgpack",
            "version": "v0.7.0",
            "source": {
                "type": "git",
                "url": "https://github.com/rybakit/msgpack.php.git",
                "reference": "8ad636b575619aa34eee8b70c564de4717b5cb41"
            },
            "dist": {
                "type": "zip",
                "url": "https://api.github.com/repos/rybakit/msgpack.php/zipball/8ad636b575619aa34eee8b70c564de4717b5cb41",
                "reference": "8ad636b575619aa34eee8b70c564de4717b5cb41",
                "shasum": ""
            },
            "require": {
                "php": "^7.1.1"
            },
            "require-dev": {
                "ext-decimal": "*",
                "ext-gmp": "*",
                "friendsofphp/php-cs-fixer": "^2.14",
                "phpunit/phpunit": "^7.1|^8.0"
            },
            "suggest": {
                "ext-decimal": "For converting overflowed integers to Decimal objects",
                "ext-gmp": "For converting overflowed integers to GMP objects"
            },
            "type": "library",
            "autoload": {
                "psr-4": {
                    "MessagePack\\": "src/"
                }
            },
            "notification-url": "https://packagist.org/downloads/",
            "license": [
                "MIT"
            ],
            "authors": [
                {
                    "name": "Eugene Leonovich",
                    "email": "gen.work@gmail.com"
                }
            ],
            "description": "A pure PHP implementation of the MessagePack serialization format.",
            "keywords": [
                "messagepack",
                "msgpack",
                "pure",
                "streaming"
            ],
            "time": "2020-01-27T23:31:20+00:00"
        },
        {
            "name": "tarantool/client",
            "version": "v0.6.0",
            "source": {
                "type": "git",
                "url": "https://github.com/tarantool-php/client.git",
                "reference": "ed5566b7efc922df324e0be5ab915105f3cd63ea"
            },
            "dist": {
                "type": "zip",
                "url": "https://api.github.com/repos/tarantool-php/client/zipball/ed5566b7efc922df324e0be5ab915105f3cd63ea",
                "reference": "ed5566b7efc922df324e0be5ab915105f3cd63ea",
                "shasum": ""
            },
            "require": {
                "php": "^7.1"
            },
            "require-dev": {
                "ext-decimal": "*",
                "ext-json": "*",
                "ext-msgpack": "*",
                "ext-sockets": "*",
                "friendsofphp/php-cs-fixer": "^2.14",
                "monolog/monolog": "^1.24",
                "phpunit/phpunit": "^7.1|^8.2.5",
                "psr/log": "^1.1",
                "rybakit/msgpack": "^0.6"
            },
            "suggest": {
                "ext-decimal": "For using decimals with Tarantool 2.3+",
                "ext-msgpack": "For using Pecl packer",
                "psr/log": "For using LoggingMiddleware",
                "rybakit/msgpack": "For using Pure packer (version 0.6 or above is required)"
            },
            "type": "library",
            "autoload": {
                "psr-4": {
                    "Tarantool\\Client\\": "src/"
                }
            },
            "notification-url": "https://packagist.org/downloads/",
            "license": [
                "MIT"
            ],
            "authors": [
                {
                    "name": "Eugene Leonovich",
                    "email": "gen.work@gmail.com"
                }
            ],
            "description": "PHP client for Tarantool.",
            "keywords": [
                "client",
                "nosql",
                "pure",
                "tarantool"
            ],
            "time": "2019-11-10T21:00:36+00:00"
        }
    ],
    "packages-dev": [],
    "aliases": [],
    "minimum-stability": "stable",
    "stability-flags": [],
    "prefer-stable": false,
    "prefer-lowest": false,
    "platform": [],
    "platform-dev": []
}
